PODS:
  - boost-for-react-native (1.63.0)
  - Crashlytics (3.12.0):
    - Fabric (~> 1.9.0)
  - DoubleConversion (1.1.6)
  - Fabric (1.9.0)
  - Folly (2018.10.22.00):
    - boost-for-react-native
    - DoubleConversion
    - glog
  - glog (0.3.5)
  - React (0.59.5):
    - React/Core (= 0.59.5)
  - react-native-netinfo (2.0.8):
    - React
  - react-native-splash-screen (3.2.0):
    - React
  - React/Core (0.59.5):
    - yoga (= 0.59.5.React)
  - React/CxxBridge (0.59.5):
    - Folly (= 2018.10.22.00)
    - React/Core
    - React/cxxreact
    - React/jsiexecutor
  - React/cxxreact (0.59.5):
    - boost-for-react-native (= 1.63.0)
    - DoubleConversion
    - Folly (= 2018.10.22.00)
    - glog
    - React/jsinspector
  - React/DevSupport (0.59.5):
    - React/Core
    - React/RCTWebSocket
  - React/fishhook (0.59.5)
  - React/jsi (0.59.5):
    - DoubleConversion
    - Folly (= 2018.10.22.00)
    - glog
  - React/jsiexecutor (0.59.5):
    - DoubleConversion
    - Folly (= 2018.10.22.00)
    - glog
    - React/cxxreact
    - React/jsi
  - React/jsinspector (0.59.5)
  - React/RCTActionSheet (0.59.5):
    - React/Core
  - React/RCTAnimation (0.59.5):
    - React/Core
  - React/RCTBlob (0.59.5):
    - React/Core
  - React/RCTImage (0.59.5):
    - React/Core
    - React/RCTNetwork
  - React/RCTLinkingIOS (0.59.5):
    - React/Core
  - React/RCTNetwork (0.59.5):
    - React/Core
  - React/RCTSettings (0.59.5):
    - React/Core
  - React/RCTText (0.59.5):
    - React/Core
  - React/RCTWebSocket (0.59.5):
    - React/Core
    - React/fishhook
    - React/RCTBlob
  - RNDeviceInfo (1.6.1):
    - React
  - RNFS (2.13.3):
    - React
  - RNLanguages (3.0.2):
    - React
  - RNPermissions (2.0.0-alpha.1):
    - React/Core
    - RNPermissions/Core (= 2.0.0-alpha.1)
  - RNPermissions/Core (2.0.0-alpha.1):
    - React/Core
  - RNSVG (9.4.0):
    - React
  - RNVectorIcons (6.4.2):
    - React
  - yoga (0.59.5.React)

DEPENDENCIES:
  - Crashlytics
  - DoubleConversion (from `../node_modules/react-native/third-party-podspecs/DoubleConversion.podspec`)
  - Fabric
  - Folly (from `../node_modules/react-native/third-party-podspecs/Folly.podspec`)
  - glog (from `../node_modules/react-native/third-party-podspecs/glog.podspec`)
  - "react-native-netinfo (from `../node_modules/@react-native-community/netinfo`)"
  - react-native-splash-screen (from `../node_modules/react-native-splash-screen`)
  - React/Core (from `../node_modules/react-native`)
  - React/CxxBridge (from `../node_modules/react-native`)
  - React/DevSupport (from `../node_modules/react-native`)
  - React/RCTActionSheet (from `../node_modules/react-native`)
  - React/RCTAnimation (from `../node_modules/react-native`)
  - React/RCTBlob (from `../node_modules/react-native`)
  - React/RCTImage (from `../node_modules/react-native`)
  - React/RCTLinkingIOS (from `../node_modules/react-native`)
  - React/RCTNetwork (from `../node_modules/react-native`)
  - React/RCTSettings (from `../node_modules/react-native`)
  - React/RCTText (from `../node_modules/react-native`)
  - React/RCTWebSocket (from `../node_modules/react-native`)
  - RNDeviceInfo (from `../node_modules/react-native-device-info`)
  - RNFS (from `../node_modules/react-native-fs`)
  - RNLanguages (from `../node_modules/react-native-languages`)
  - RNPermissions (from `../node_modules/react-native-permissions`)
  - RNSVG (from `../node_modules/react-native-svg`)
  - RNVectorIcons (from `../node_modules/react-native-vector-icons`)
  - yoga (from `../node_modules/react-native/ReactCommon/yoga`)

SPEC REPOS:
  https://github.com/cocoapods/specs.git:
    - boost-for-react-native
    - Crashlytics
    - Fabric

EXTERNAL SOURCES:
  DoubleConversion:
    :podspec: "../node_modules/react-native/third-party-podspecs/DoubleConversion.podspec"
  Folly:
    :podspec: "../node_modules/react-native/third-party-podspecs/Folly.podspec"
  glog:
    :podspec: "../node_modules/react-native/third-party-podspecs/glog.podspec"
  React:
    :path: "../node_modules/react-native"
  react-native-netinfo:
    :path: "../node_modules/@react-native-community/netinfo"
  react-native-splash-screen:
    :path: "../node_modules/react-native-splash-screen"
  RNDeviceInfo:
    :path: "../node_modules/react-native-device-info"
  RNFS:
    :path: "../node_modules/react-native-fs"
  RNLanguages:
    :path: "../node_modules/react-native-languages"
  RNPermissions:
    :path: "../node_modules/react-native-permissions"
  RNSVG:
    :path: "../node_modules/react-native-svg"
  RNVectorIcons:
    :path: "../node_modules/react-native-vector-icons"
  yoga:
    :path: "../node_modules/react-native/ReactCommon/yoga"

SPEC CHECKSUMS:
  boost-for-react-native: 39c7adb57c4e60d6c5479dd8623128eb5b3f0f2c
  Crashlytics: 07fb167b1694128c1c9a5a5cc319b0e9c3ca0933
  DoubleConversion: bb338842f62ab1d708ceb63ec3d999f0f3d98ecd
  Fabric: f988e33c97f08930a413e08123064d2e5f68d655
  Folly: de497beb10f102453a1afa9edbf8cf8a251890de
  glog: aefd1eb5dda2ab95ba0938556f34b98e2da3a60d
  React: 90adac468c7b72bf1fa6c64bf230650f851a8388
  react-native-netinfo: 73774249933883b2586a0543d21b119834244d6f
  react-native-splash-screen: 200d11d188e2e78cea3ad319964f6142b6384865
  RNDeviceInfo: 958a1ed6f94e04557b865b8ef848cfc83db0ebba
  RNFS: c9bbde46b0d59619f8e7b735991c60e0f73d22c1
  RNLanguages: 962e562af0d34ab1958d89bcfdb64fafc37c513e
  RNPermissions: 064e4eb34c8c3da493ab48bda0af53cdd019b6a7
  RNSVG: 9cb6e958c4b6a1f58185ac72a350b148947d6fed
  RNVectorIcons: 6607bd3a30291d0edb56f9bbe7ae411ee2b928b0
  yoga: 2e571f113e8cbeb0eb752aeebc86c1bfe7a8200c

PODFILE CHECKSUM: 45dc14a82c12f03135c8adc5c10fb277bbe96007

COCOAPODS: 1.6.1
